
Microsoft Visual Studio Solution File, Format Version 12.00
# Visual Studio Version 16
VisualStudioVersion = 16.0.30309.148
MinimumVisualStudioVersion = 10.0.40219.1
Project("{FAE04EC0-301F-11D3-BF4B-00C04F79EFBC}") = "TestAPI", "TestAPI.csproj", "{10A71A59-C56F-41A4-A4DB-04094353C23E}"
EndProject
Project("{FAE04EC0-301F-11D3-BF4B-00C04F79EFBC}") = "Test.DataAccess", "..\Test.DataAccess\Test.DataAccess.csproj", "{BFFB64CB-8D8F-4CB7-9892-0F5CC02F246B}"
EndProject
Project("{FAE04EC0-301F-11D3-BF4B-00C04F79EFBC}") = "Test.Entities", "..\Test.Entities\Test.Entities.csproj", "{645D1018-2E4F-4367-9274-EF16DFAAF352}"
EndProject
Project("{FAE04EC0-301F-11D3-BF4B-00C04F79EFBC}") = "Test.BAL", "..\Test.BAL\Test.BAL.csproj", "{C787AF59-A9CB-4857-A8F8-A78E6B49CBDA}"
EndProject
Project("{FAE04EC0-301F-11D3-BF4B-00C04F79EFBC}") = "Test.UnitTest", "..\Test.UnitTest\Test.UnitTest.csproj", "{9F510183-C1B2-4F6D-80B8-62757A8254B2}"
EndProject
Global
	GlobalSection(SolutionConfigurationPlatforms) = preSolution
		Debug|Any CPU = Debug|Any CPU
		Release|Any CPU = Release|Any CPU
	EndGlobalSection
	GlobalSection(ProjectConfigurationPlatforms) = postSolution
		{10A71A59-C56F-41A4-A4DB-04094353C23E}.Debug|Any CPU.ActiveCfg = Debug|Any CPU
		{10A71A59-C56F-41A4-A4DB-04094353C23E}.Debug|Any CPU.Build.0 = Debug|Any CPU
		{10A71A59-C56F-41A4-A4DB-04094353C23E}.Release|Any CPU.ActiveCfg = Release|Any CPU
		{10A71A59-C56F-41A4-A4DB-04094353C23E}.Release|Any CPU.Build.0 = Release|Any CPU
		{BFFB64CB-8D8F-4CB7-9892-0F5CC02F246B}.Debug|Any CPU.ActiveCfg = Debug|Any CPU
		{BFFB64CB-8D8F-4CB7-9892-0F5CC02F246B}.Debug|Any CPU.Build.0 = Debug|Any CPU
		{BFFB64CB-8D8F-4CB7-9892-0F5CC02F246B}.Release|Any CPU.ActiveCfg = Release|Any CPU
		{BFFB64CB-8D8F-4CB7-9892-0F5CC02F246B}.Release|Any CPU.Build.0 = Release|Any CPU
		{645D1018-2E4F-4367-9274-EF16DFAAF352}.Debug|Any CPU.ActiveCfg = Debug|Any CPU
		{645D1018-2E4F-4367-9274-EF16DFAAF352}.Debug|Any CPU.Build.0 = Debug|Any CPU
		{645D1018-2E4F-4367-9274-EF16DFAAF352}.Release|Any CPU.ActiveCfg = Release|Any CPU
		{645D1018-2E4F-4367-9274-EF16DFAAF352}.Release|Any CPU.Build.0 = Release|Any CPU
		{C787AF59-A9CB-4857-A8F8-A78E6B49CBDA}.Debug|Any CPU.ActiveCfg = Debug|Any CPU
		{C787AF59-A9CB-4857-A8F8-A78E6B49CBDA}.Debug|Any CPU.Build.0 = Debug|Any CPU
		{C787AF59-A9CB-4857-A8F8-A78E6B49CBDA}.Release|Any CPU.ActiveCfg = Release|Any CPU
		{C787AF59-A9CB-4857-A8F8-A78E6B49CBDA}.Release|Any CPU.Build.0 = Release|Any CPU
		{9F510183-C1B2-4F6D-80B8-62757A8254B2}.Debug|Any CPU.ActiveCfg = Debug|Any CPU
		{9F510183-C1B2-4F6D-80B8-62757A8254B2}.Debug|Any CPU.Build.0 = Debug|Any CPU
		{9F510183-C1B2-4F6D-80B8-62757A8254B2}.Release|Any CPU.ActiveCfg = Release|Any CPU
		{9F510183-C1B2-4F6D-80B8-62757A8254B2}.Release|Any CPU.Build.0 = Release|Any CPU
	EndGlobalSection
	GlobalSection(SolutionProperties) = preSolution
		HideSolutionNode = FALSE
	EndGlobalSection
	GlobalSection(ExtensibilityGlobals) = postSolution
		SolutionGuid = {F4B0D7CE-92A0-4459-9B7B-678742CA3D84}
	EndGlobalSection
EndGlobal
